
Microsoft Visual Studio Solution File, Format Version 12.00
# Visual Studio 14
VisualStudioVersion = 14.0.25420.1
MinimumVisualStudioVersion = 10.0.40219.1
Project("{FAE04EC0-301F-11D3-BF4B-00C04F79EFBC}") = "LaikoSekimoSistemaUI", "LaikoSekimoSistemaUI\LaikoSekimoSistemaUI.csproj", "{DC712FAD-4787-4B09-B530-18B91BC87D49}"
EndProject
Project("{FAE04EC0-301F-11D3-BF4B-00C04F79EFBC}") = "LSS_Library", "LSS_Library\LSS_Library.csproj", "{5D1A652E-74BE-4241-BED8-841536179A2D}"
EndProject
Global
	GlobalSection(SolutionConfigurationPlatforms) = preSolution
		Debug|Any CPU = Debug|Any CPU
		Release|Any CPU = Release|Any CPU
	EndGlobalSection
	GlobalSection(ProjectConfigurationPlatforms) = postSolution
		{DC712FAD-4787-4B09-B530-18B91BC87D49}.Debug|Any CPU.ActiveCfg = Debug|Any CPU
		{DC712FAD-4787-4B09-B530-18B91BC87D49}.Debug|Any CPU.Build.0 = Debug|Any CPU
		{DC712FAD-4787-4B09-B530-18B91BC87D49}.Release|Any CPU.ActiveCfg = Release|Any CPU
		{DC712FAD-4787-4B09-B530-18B91BC87D49}.Release|Any CPU.Build.0 = Release|Any CPU
		{5D1A652E-74BE-4241-BED8-841536179A2D}.Debug|Any CPU.ActiveCfg = Debug|Any CPU
		{5D1A652E-74BE-4241-BED8-841536179A2D}.Debug|Any CPU.Build.0 = Debug|Any CPU
		{5D1A652E-74BE-4241-BED8-841536179A2D}.Release|Any CPU.ActiveCfg = Release|Any CPU
		{5D1A652E-74BE-4241-BED8-841536179A2D}.Release|Any CPU.Build.0 = Release|Any CPU
	EndGlobalSection
	GlobalSection(SolutionProperties) = preSolution
		HideSolutionNode = FALSE
	EndGlobalSection
EndGlobal
